
Microsoft Visual Studio Solution File, Format Version 12.00
# Visual Studio Version 17
VisualStudioVersion = 17.11.35327.3
MinimumVisualStudioVersion = 10.0.40219.1
Project("{FAE04EC0-301F-11D3-BF4B-00C04F79EFBC}") = "News Aggregator", "News Aggregator\News Aggregator.csproj", "{6DF7AA23-2027-42FE-9367-B226B0024877}"
EndProject
Project("{FAE04EC0-301F-11D3-BF4B-00C04F79EFBC}") = "BLL", "BLL\BLL.csproj", "{AC24C66F-5EB1-4ABB-B856-95F1CCED7714}"
EndProject
Project("{FAE04EC0-301F-11D3-BF4B-00C04F79EFBC}") = "DAL", "DAL\DAL.csproj", "{A1312D50-7C88-4AF5-9361-A71608CEC42F}"
EndProject
Global
	GlobalSection(SolutionConfigurationPlatforms) = preSolution
		Debug|Any CPU = Debug|Any CPU
		Release|Any CPU = Release|Any CPU
	EndGlobalSection
	GlobalSection(ProjectConfigurationPlatforms) = postSolution
		{6DF7AA23-2027-42FE-9367-B226B0024877}.Debug|Any CPU.ActiveCfg = Debug|Any CPU
		{6DF7AA23-2027-42FE-9367-B226B0024877}.Debug|Any CPU.Build.0 = Debug|Any CPU
		{6DF7AA23-2027-42FE-9367-B226B0024877}.Release|Any CPU.ActiveCfg = Release|Any CPU
		{6DF7AA23-2027-42FE-9367-B226B0024877}.Release|Any CPU.Build.0 = Release|Any CPU
		{AC24C66F-5EB1-4ABB-B856-95F1CCED7714}.Debug|Any CPU.ActiveCfg = Debug|Any CPU
		{AC24C66F-5EB1-4ABB-B856-95F1CCED7714}.Debug|Any CPU.Build.0 = Debug|Any CPU
		{AC24C66F-5EB1-4ABB-B856-95F1CCED7714}.Release|Any CPU.ActiveCfg = Release|Any CPU
		{AC24C66F-5EB1-4ABB-B856-95F1CCED7714}.Release|Any CPU.Build.0 = Release|Any CPU
		{A1312D50-7C88-4AF5-9361-A71608CEC42F}.Debug|Any CPU.ActiveCfg = Debug|Any CPU
		{A1312D50-7C88-4AF5-9361-A71608CEC42F}.Debug|Any CPU.Build.0 = Debug|Any CPU
		{A1312D50-7C88-4AF5-9361-A71608CEC42F}.Release|Any CPU.ActiveCfg = Release|Any CPU
		{A1312D50-7C88-4AF5-9361-A71608CEC42F}.Release|Any CPU.Build.0 = Release|Any CPU
	EndGlobalSection
	GlobalSection(SolutionProperties) = preSolution
		HideSolutionNode = FALSE
	EndGlobalSection
	GlobalSection(ExtensibilityGlobals) = postSolution
		SolutionGuid = {15A5454E-5599-4EC6-829C-B37DC79C2155}
	EndGlobalSection
EndGlobal
